// !$*UTF8*$!
{
	archiveVersion = 1;
	classes = {
	};
	objectVersion = 56;
	objects = {

/* Begin PBXBuildFile section */
		E773D51529E35EE00069901E /* User.swift in Sources */ = {isa = PBXBuildFile; fileRef = E773D51429E35EE00069901E /* User.swift */; };
		E773D51729E360030069901E /* Post.swift in Sources */ = {isa = PBXBuildFile; fileRef = E773D51629E360030069901E /* Post.swift */; };
		E773D51A29E361080069901E /* APIService.swift in Sources */ = {isa = PBXBuildFile; fileRef = E773D51929E361080069901E /* APIService.swift */; };
		E773D51E29E4AD6D0069901E /* UserListViewModel.swift in Sources */ = {isa = PBXBuildFile; fileRef = E773D51D29E4AD6D0069901E /* UserListViewModel.swift */; };
		E773D52029E4B09A0069901E /* users.json in Resources */ = {isa = PBXBuildFile; fileRef = E773D51F29E4B09A0069901E /* users.json */; };
		E773D52229E4B13A0069901E /* posts.json in Resources */ = {isa = PBXBuildFile; fileRef = E773D52129E4B13A0069901E /* posts.json */; };
		E773D52529E4B1FF0069901E /* BundleExtension.swift in Sources */ = {isa = PBXBuildFile; fileRef = E773D52429E4B1FF0069901E /* BundleExtension.swift */; };
		E773D52729E4B41E0069901E /* MockData.swift in Sources */ = {isa = PBXBuildFile; fileRef = E773D52629E4B41E0069901E /* MockData.swift */; };
		E773D52929E5FCB80069901E /* PostListViewModel.swift in Sources */ = {isa = PBXBuildFile; fileRef = E773D52829E5FCB80069901E /* PostListViewModel.swift */; };
		E773D52B29E5FDFF0069901E /* PostListView.swift in Sources */ = {isa = PBXBuildFile; fileRef = E773D52A29E5FDFF0069901E /* PostListView.swift */; };
		E7CF172029E35C1800282EF0 /* Concurrency_SwiftUIApp.swift in Sources */ = {isa = PBXBuildFile; fileRef = E7CF171F29E35C1800282EF0 /* Concurrency_SwiftUIApp.swift */; };
		E7CF172229E35C1800282EF0 /* UserListView.swift in Sources */ = {isa = PBXBuildFile; fileRef = E7CF172129E35C1800282EF0 /* UserListView.swift */; };
		E7CF172429E35C1900282EF0 /* Assets.xcassets in Resources */ = {isa = PBXBuildFile; fileRef = E7CF172329E35C1900282EF0 /* Assets.xcassets */; };
		E7CF172729E35C1900282EF0 /* Preview Assets.xcassets in Resources */ = {isa = PBXBuildFile; fileRef = E7CF172629E35C1900282EF0 /* Preview Assets.xcassets */; };
/* End PBXBuildFile section */

/* Begin PBXFileReference section */
		E773D51429E35EE00069901E /* User.swift */ = {isa = PBXFileReference; lastKnownFileType = sourcecode.swift; path = User.swift; sourceTree = "<group>"; };
		E773D51629E360030069901E /* Post.swift */ = {isa = PBXFileReference; lastKnownFileType = sourcecode.swift; path = Post.swift; sourceTree = "<group>"; };
		E773D51929E361080069901E /* APIService.swift */ = {isa = PBXFileReference; lastKnownFileType = sourcecode.swift; path = APIService.swift; sourceTree = "<group>"; };
		E773D51D29E4AD6D0069901E /* UserListViewModel.swift */ = {isa = PBXFileReference; lastKnownFileType = sourcecode.swift; path = UserListViewModel.swift; sourceTree = "<group>"; };
		E773D51F29E4B09A0069901E /* users.json */ = {isa = PBXFileReference; lastKnownFileType = text.json; path = users.json; sourceTree = "<group>"; };
		E773D52129E4B13A0069901E /* posts.json */ = {isa = PBXFileReference; lastKnownFileType = text.json; path = posts.json; sourceTree = "<group>"; };
		E773D52429E4B1FF0069901E /* BundleExtension.swift */ = {isa = PBXFileReference; lastKnownFileType = sourcecode.swift; path = BundleExtension.swift; sourceTree = "<group>"; };
		E773D52629E4B41E0069901E /* MockData.swift */ = {isa = PBXFileReference; lastKnownFileType = sourcecode.swift; path = MockData.swift; sourceTree = "<group>"; };
		E773D52829E5FCB80069901E /* PostListViewModel.swift */ = {isa = PBXFileReference; lastKnownFileType = sourcecode.swift; path = PostListViewModel.swift; sourceTree = "<group>"; };
		E773D52A29E5FDFF0069901E /* PostListView.swift */ = {isa = PBXFileReference; lastKnownFileType = sourcecode.swift; path = PostListView.swift; sourceTree = "<group>"; };
		E7CF171C29E35C1800282EF0 /* Concurrency-SwiftUI.app */ = {isa = PBXFileReference; explicitFileType = wrapper.application; includeInIndex = 0; path = "Concurrency-SwiftUI.app"; sourceTree = BUILT_PRODUCTS_DIR; };
		E7CF171F29E35C1800282EF0 /* Concurrency_SwiftUIApp.swift */ = {isa = PBXFileReference; lastKnownFileType = sourcecode.swift; path = Concurrency_SwiftUIApp.swift; sourceTree = "<group>"; };
		E7CF172129E35C1800282EF0 /* UserListView.swift */ = {isa = PBXFileReference; lastKnownFileType = sourcecode.swift; path = UserListView.swift; sourceTree = "<group>"; };
		E7CF172329E35C1900282EF0 /* Assets.xcassets */ = {isa = PBXFileReference; lastKnownFileType = folder.assetcatalog; path = Assets.xcassets; sourceTree = "<group>"; };
		E7CF172629E35C1900282EF0 /* Preview Assets.xcassets */ = {isa = PBXFileReference; lastKnownFileType = folder.assetcatalog; path = "Preview Assets.xcassets"; sourceTree = "<group>"; };
/* End PBXFileReference section */

/* Begin PBXFrameworksBuildPhase section */
		E7CF171929E35C1800282EF0 /* Frameworks */ = {
			isa = PBXFrameworksBuildPhase;
			buildActionMask = 2147483647;
			files = (
			);
			runOnlyForDeploymentPostprocessing = 0;
		};
/* End PBXFrameworksBuildPhase section */

/* Begin PBXGroup section */
		E773D51329E35E9E0069901E /* Models */ = {
			isa = PBXGroup;
			children = (
				E773D51429E35EE00069901E /* User.swift */,
				E773D51629E360030069901E /* Post.swift */,
			);
			path = Models;
			sourceTree = "<group>";
		};
		E773D51829E360EB0069901E /* Services */ = {
			isa = PBXGroup;
			children = (
				E773D51929E361080069901E /* APIService.swift */,
			);
			path = Services;
			sourceTree = "<group>";
		};
		E773D51B29E4AD300069901E /* Views */ = {
			isa = PBXGroup;
			children = (
				E7CF172129E35C1800282EF0 /* UserListView.swift */,
				E773D52A29E5FDFF0069901E /* PostListView.swift */,
			);
			path = Views;
			sourceTree = "<group>";
		};
		E773D51C29E4AD500069901E /* ViewModels */ = {
			isa = PBXGroup;
			children = (
				E773D51D29E4AD6D0069901E /* UserListViewModel.swift */,
				E773D52829E5FCB80069901E /* PostListViewModel.swift */,
			);
			path = ViewModels;
			sourceTree = "<group>";
		};
		E773D52329E4B1C40069901E /* Extensions */ = {
			isa = PBXGroup;
			children = (
				E773D52429E4B1FF0069901E /* BundleExtension.swift */,
			);
			path = Extensions;
			sourceTree = "<group>";
		};
		E7CF171329E35C1800282EF0 = {
			isa = PBXGroup;
			children = (
				E7CF171E29E35C1800282EF0 /* Concurrency-SwiftUI */,
				E7CF171D29E35C1800282EF0 /* Products */,
			);
			sourceTree = "<group>";
		};
		E7CF171D29E35C1800282EF0 /* Products */ = {
			isa = PBXGroup;
			children = (
				E7CF171C29E35C1800282EF0 /* Concurrency-SwiftUI.app */,
			);
			name = Products;
			sourceTree = "<group>";
		};
		E7CF171E29E35C1800282EF0 /* Concurrency-SwiftUI */ = {
			isa = PBXGroup;
			children = (
				E7CF171F29E35C1800282EF0 /* Concurrency_SwiftUIApp.swift */,
				E773D51B29E4AD300069901E /* Views */,
				E773D51C29E4AD500069901E /* ViewModels */,
				E773D51329E35E9E0069901E /* Models */,
				E773D51829E360EB0069901E /* Services */,
				E773D52329E4B1C40069901E /* Extensions */,
				E7CF172329E35C1900282EF0 /* Assets.xcassets */,
				E7CF172529E35C1900282EF0 /* Preview Content */,
			);
			path = "Concurrency-SwiftUI";
			sourceTree = "<group>";
		};
		E7CF172529E35C1900282EF0 /* Preview Content */ = {
			isa = PBXGroup;
			children = (
				E7CF172629E35C1900282EF0 /* Preview Assets.xcassets */,
				E773D52629E4B41E0069901E /* MockData.swift */,
				E773D51F29E4B09A0069901E /* users.json */,
				E773D52129E4B13A0069901E /* posts.json */,
			);
			path = "Preview Content";
			sourceTree = "<group>";
		};
/* End PBXGroup section */

/* Begin PBXNativeTarget section */
		E7CF171B29E35C1800282EF0 /* Concurrency-SwiftUI */ = {
			isa = PBXNativeTarget;
			buildConfigurationList = E7CF172A29E35C1900282EF0 /* Build configuration list for PBXNativeTarget "Concurrency-SwiftUI" */;
			buildPhases = (
				E7CF171829E35C1800282EF0 /* Sources */,
				E7CF171929E35C1800282EF0 /* Frameworks */,
				E7CF171A29E35C1800282EF0 /* Resources */,
			);
			buildRules = (
			);
			dependencies = (
			);
			name = "Concurrency-SwiftUI";
			productName = "Concurrency-SwiftUI";
			productReference = E7CF171C29E35C1800282EF0 /* Concurrency-SwiftUI.app */;
			productType = "com.apple.product-type.application";
		};
/* End PBXNativeTarget section */

/* Begin PBXProject section */
		E7CF171429E35C1800282EF0 /* Project object */ = {
			isa = PBXProject;
			attributes = {
				BuildIndependentTargetsInParallel = 1;
				LastSwiftUpdateCheck = 1430;
				LastUpgradeCheck = 1430;
				TargetAttributes = {
					E7CF171B29E35C1800282EF0 = {
						CreatedOnToolsVersion = 14.3;
					};
				};
			};
			buildConfigurationList = E7CF171729E35C1800282EF0 /* Build configuration list for PBXProject "Concurrency-SwiftUI" */;
			compatibilityVersion = "Xcode 14.0";
			developmentRegion = en;
			hasScannedForEncodings = 0;
			knownRegions = (
				en,
				Base,
			);
			mainGroup = E7CF171329E35C1800282EF0;
			productRefGroup = E7CF171D29E35C1800282EF0 /* Products */;
			projectDirPath = "";
			projectRoot = "";
			targets = (
				E7CF171B29E35C1800282EF0 /* Concurrency-SwiftUI */,
			);
		};
/* End PBXProject section */

/* Begin PBXResourcesBuildPhase section */
		E7CF171A29E35C1800282EF0 /* Resources */ = {
			isa = PBXResourcesBuildPhase;
			buildActionMask = 2147483647;
			files = (
				E773D52029E4B09A0069901E /* users.json in Resources */,
				E7CF172729E35C1900282EF0 /* Preview Assets.xcassets in Resources */,
				E7CF172429E35C1900282EF0 /* Assets.xcassets in Resources */,
				E773D52229E4B13A0069901E /* posts.json in Resources */,
			);
			runOnlyForDeploymentPostprocessing = 0;
		};
/* End PBXResourcesBuildPhase section */

/* Begin PBXSourcesBuildPhase section */
		E7CF171829E35C1800282EF0 /* Sources */ = {
			isa = PBXSourcesBuildPhase;
			buildActionMask = 2147483647;
			files = (
				E7CF172229E35C1800282EF0 /* UserListView.swift in Sources */,
				E773D51E29E4AD6D0069901E /* UserListViewModel.swift in Sources */,
				E773D52929E5FCB80069901E /* PostListViewModel.swift in Sources */,
				E773D51A29E361080069901E /* APIService.swift in Sources */,
				E773D52B29E5FDFF0069901E /* PostListView.swift in Sources */,
				E773D52529E4B1FF0069901E /* BundleExtension.swift in Sources */,
				E7CF172029E35C1800282EF0 /* Concurrency_SwiftUIApp.swift in Sources */,
				E773D52729E4B41E0069901E /* MockData.swift in Sources */,
				E773D51529E35EE00069901E /* User.swift in Sources */,
				E773D51729E360030069901E /* Post.swift in Sources */,
			);
			runOnlyForDeploymentPostprocessing = 0;
		};
/* End PBXSourcesBuildPhase section */

/* Begin XCBuildConfiguration section */
		E7CF172829E35C1900282EF0 /* Debug */ = {
			isa = XCBuildConfiguration;
			buildSettings = {
				ALWAYS_SEARCH_USER_PATHS = NO;
				CLANG_ANALYZER_NONNULL = YES;
				CLANG_ANALYZER_NUMBER_OBJECT_CONVERSION = YES_AGGRESSIVE;
				CLANG_CXX_LANGUAGE_STANDARD = "gnu++20";
				CLANG_ENABLE_MODULES = YES;
				CLANG_ENABLE_OBJC_ARC = YES;
				CLANG_ENABLE_OBJC_WEAK = YES;
				CLANG_WARN_BLOCK_CAPTURE_AUTORELEASING = YES;
				CLANG_WARN_BOOL_CONVERSION = YES;
				CLANG_WARN_COMMA = YES;
				CLANG_WARN_CONSTANT_CONVERSION = YES;
				CLANG_WARN_DEPRECATED_OBJC_IMPLEMENTATIONS = YES;
				CLANG_WARN_DIRECT_OBJC_ISA_USAGE = YES_ERROR;
				CLANG_WARN_DOCUMENTATION_COMMENTS = YES;
				CLANG_WARN_EMPTY_BODY = YES;
				CLANG_WARN_ENUM_CONVERSION = YES;
				CLANG_WARN_INFINITE_RECURSION = YES;
				CLANG_WARN_INT_CONVERSION = YES;
				CLANG_WARN_NON_LITERAL_NULL_CONVERSION = YES;
				CLANG_WARN_OBJC_IMPLICIT_RETAIN_SELF = YES;
				CLANG_WARN_OBJC_LITERAL_CONVERSION = YES;
				CLANG_WARN_OBJC_ROOT_CLASS = YES_ERROR;
				CLANG_WARN_QUOTED_INCLUDE_IN_FRAMEWORK_HEADER = YES;
				CLANG_WARN_RANGE_LOOP_ANALYSIS = YES;
				CLANG_WARN_STRICT_PROTOTYPES = YES;
				CLANG_WARN_SUSPICIOUS_MOVE = YES;
				CLANG_WARN_UNGUARDED_AVAILABILITY = YES_AGGRESSIVE;
				CLANG_WARN_UNREACHABLE_CODE = YES;
				CLANG_WARN__DUPLICATE_METHOD_MATCH = YES;
				COPY_PHASE_STRIP = NO;
				DEBUG_INFORMATION_FORMAT = dwarf;
				ENABLE_STRICT_OBJC_MSGSEND = YES;
				ENABLE_TESTABILITY = YES;
				GCC_C_LANGUAGE_STANDARD = gnu11;
				GCC_DYNAMIC_NO_PIC = NO;
				GCC_NO_COMMON_BLOCKS = YES;
				GCC_OPTIMIZATION_LEVEL = 0;
				GCC_PREPROCESSOR_DEFINITIONS = (
					"DEBUG=1",
					"$(inherited)",
				);
				GCC_WARN_64_TO_32_BIT_CONVERSION = YES;
				GCC_WARN_ABOUT_RETURN_TYPE = YES_ERROR;
				GCC_WARN_UNDECLARED_SELECTOR = YES;
				GCC_WARN_UNINITIALIZED_AUTOS = YES_AGGRESSIVE;
				GCC_WARN_UNUSED_FUNCTION = YES;
				GCC_WARN_UNUSED_VARIABLE = YES;
				IPHONEOS_DEPLOYMENT_TARGET = 16.4;
				MTL_ENABLE_DEBUG_INFO = INCLUDE_SOURCE;
				MTL_FAST_MATH = YES;
				ONLY_ACTIVE_ARCH = YES;
				SDKROOT = iphoneos;
				SWIFT_ACTIVE_COMPILATION_CONDITIONS = DEBUG;
				SWIFT_OPTIMIZATION_LEVEL = "-Onone";
			};
			name = Debug;
		};
		E7CF172929E35C1900282EF0 /* Release */ = {
			isa = XCBuildConfiguration;
			buildSettings = {
				ALWAYS_SEARCH_USER_PATHS = NO;
				CLANG_ANALYZER_NONNULL = YES;
				CLANG_ANALYZER_NUMBER_OBJECT_CONVERSION = YES_AGGRESSIVE;
				CLANG_CXX_LANGUAGE_STANDARD = "gnu++20";
				CLANG_ENABLE_MODULES = YES;
				CLANG_ENABLE_OBJC_ARC = YES;
				CLANG_ENABLE_OBJC_WEAK = YES;
				CLANG_WARN_BLOCK_CAPTURE_AUTORELEASING = YES;
				CLANG_WARN_BOOL_CONVERSION = YES;
				CLANG_WARN_COMMA = YES;
				CLANG_WARN_CONSTANT_CONVERSION = YES;
				CLANG_WARN_DEPRECATED_OBJC_IMPLEMENTATIONS = YES;
				CLANG_WARN_DIRECT_OBJC_ISA_USAGE = YES_ERROR;
				CLANG_WARN_DOCUMENTATION_COMMENTS = YES;
				CLANG_WARN_EMPTY_BODY = YES;
				CLANG_WARN_ENUM_CONVERSION = YES;
				CLANG_WARN_INFINITE_RECURSION = YES;
				CLANG_WARN_INT_CONVERSION = YES;
				CLANG_WARN_NON_LITERAL_NULL_CONVERSION = YES;
				CLANG_WARN_OBJC_IMPLICIT_RETAIN_SELF = YES;
				CLANG_WARN_OBJC_LITERAL_CONVERSION = YES;
				CLANG_WARN_OBJC_ROOT_CLASS = YES_ERROR;
				CLANG_WARN_QUOTED_INCLUDE_IN_FRAMEWORK_HEADER = YES;
				CLANG_WARN_RANGE_LOOP_ANALYSIS = YES;
				CLANG_WARN_STRICT_PROTOTYPES = YES;
				CLANG_WARN_SUSPICIOUS_MOVE = YES;
				CLANG_WARN_UNGUARDED_AVAILABILITY = YES_AGGRESSIVE;
				CLANG_WARN_UNREACHABLE_CODE = YES;
				CLANG_WARN__DUPLICATE_METHOD_MATCH = YES;
				COPY_PHASE_STRIP = NO;
				DEBUG_INFORMATION_FORMAT = "dwarf-with-dsym";
				ENABLE_NS_ASSERTIONS = NO;
				ENABLE_STRICT_OBJC_MSGSEND = YES;
				GCC_C_LANGUAGE_STANDARD = gnu11;
				GCC_NO_COMMON_BLOCKS = YES;
				GCC_WARN_64_TO_32_BIT_CONVERSION = YES;
				GCC_WARN_ABOUT_RETURN_TYPE = YES_ERROR;
				GCC_WARN_UNDECLARED_SELECTOR = YES;
				GCC_WARN_UNINITIALIZED_AUTOS = YES_AGGRESSIVE;
				GCC_WARN_UNUSED_FUNCTION = YES;
				GCC_WARN_UNUSED_VARIABLE = YES;
				IPHONEOS_DEPLOYMENT_TARGET = 16.4;
				MTL_ENABLE_DEBUG_INFO = NO;
				MTL_FAST_MATH = YES;
				SDKROOT = iphoneos;
				SWIFT_COMPILATION_MODE = wholemodule;
				SWIFT_OPTIMIZATION_LEVEL = "-O";
				VALIDATE_PRODUCT = YES;
			};
			name = Release;
		};
		E7CF172B29E35C1900282EF0 /* Debug */ = {
			isa = XCBuildConfiguration;
			buildSettings = {
				ASSETCATALOG_COMPILER_APPICON_NAME = AppIcon;
				ASSETCATALOG_COMPILER_GLOBAL_ACCENT_COLOR_NAME = AccentColor;
				CODE_SIGN_STYLE = Automatic;
				CURRENT_PROJECT_VERSION = 1;
				DEVELOPMENT_ASSET_PATHS = "\"Concurrency-SwiftUI/Preview Content\"";
				DEVELOPMENT_TEAM = B95CDA4934;
				ENABLE_PREVIEWS = YES;
				GENERATE_INFOPLIST_FILE = YES;
				INFOPLIST_KEY_UIApplicationSceneManifest_Generation = YES;
				INFOPLIST_KEY_UIApplicationSupportsIndirectInputEvents = YES;
				INFOPLIST_KEY_UILaunchScreen_Generation = YES;
				INFOPLIST_KEY_UISupportedInterfaceOrientations_iPad = "UIInterfaceOrientationPortrait UIInterfaceOrientationPortraitUpsideDown UIInterfaceOrientationLandscapeLeft UIInterfaceOrientationLandscapeRight";
				INFOPLIST_KEY_UISupportedInterfaceOrientations_iPhone = "UIInterfaceOrientationPortrait UIInterfaceOrientationLandscapeLeft UIInterfaceOrientationLandscapeRight";
				IPHONEOS_DEPLOYMENT_TARGET = 14.0;
				LD_RUNPATH_SEARCH_PATHS = (
					"$(inherited)",
					"@executable_path/Frameworks",
				);
				MARKETING_VERSION = 1.0;
				PRODUCT_BUNDLE_IDENTIFIER = "com.ryutenu.Concurrency-SwiftUI";
				PRODUCT_NAME = "$(TARGET_NAME)";
				SWIFT_EMIT_LOC_STRINGS = YES;
				SWIFT_VERSION = 5.0;
				TARGETED_DEVICE_FAMILY = "1,2";
			};
			name = Debug;
		};
		E7CF172C29E35C1900282EF0 /* Release */ = {
			isa = XCBuildConfiguration;
			buildSettings = {
				ASSETCATALOG_COMPILER_APPICON_NAME = AppIcon;
				ASSETCATALOG_COMPILER_GLOBAL_ACCENT_COLOR_NAME = AccentColor;
				CODE_SIGN_STYLE = Automatic;
				CURRENT_PROJECT_VERSION = 1;
				DEVELOPMENT_ASSET_PATHS = "\"Concurrency-SwiftUI/Preview Content\"";
				DEVELOPMENT_TEAM = B95CDA4934;
				ENABLE_PREVIEWS = YES;
				GENERATE_INFOPLIST_FILE = YES;
				INFOPLIST_KEY_UIApplicationSceneManifest_Generation = YES;
				INFOPLIST_KEY_UIApplicationSupportsIndirectInputEvents = YES;
				INFOPLIST_KEY_UILaunchScreen_Generation = YES;
				INFOPLIST_KEY_UISupportedInterfaceOrientations_iPad = "UIInterfaceOrientationPortrait UIInterfaceOrientationPortraitUpsideDown UIInterfaceOrientationLandscapeLeft UIInterfaceOrientationLandscapeRight";
				INFOPLIST_KEY_UISupportedInterfaceOrientations_iPhone = "UIInterfaceOrientationPortrait UIInterfaceOrientationLandscapeLeft UIInterfaceOrientationLandscapeRight";
				IPHONEOS_DEPLOYMENT_TARGET = 14.0;
				LD_RUNPATH_SEARCH_PATHS = (
					"$(inherited)",
					"@executable_path/Frameworks",
				);
				MARKETING_VERSION = 1.0;
				PRODUCT_BUNDLE_IDENTIFIER = "com.ryutenu.Concurrency-SwiftUI";
				PRODUCT_NAME = "$(TARGET_NAME)";
				SWIFT_EMIT_LOC_STRINGS = YES;
				SWIFT_VERSION = 5.0;
				TARGETED_DEVICE_FAMILY = "1,2";
			};
			name = Release;
		};
/* End XCBuildConfiguration section */

/* Begin XCConfigurationList section */
		E7CF171729E35C1800282EF0 /* Build configuration list for PBXProject "Concurrency-SwiftUI" */ = {
			isa = XCConfigurationList;
			buildConfigurations = (
				E7CF172829E35C1900282EF0 /* Debug */,
				E7CF172929E35C1900282EF0 /* Release */,
			);
			defaultConfigurationIsVisible = 0;
			defaultConfigurationName = Release;
		};
		E7CF172A29E35C1900282EF0 /* Build configuration list for PBXNativeTarget "Concurrency-SwiftUI" */ = {
			isa = XCConfigurationList;
			buildConfigurations = (
				E7CF172B29E35C1900282EF0 /* Debug */,
				E7CF172C29E35C1900282EF0 /* Release */,
			);
			defaultConfigurationIsVisible = 0;
			defaultConfigurationName = Release;
		};
/* End XCConfigurationList section */
	};
	rootObject = E7CF171429E35C1800282EF0 /* Project object */;
}
